
Microsoft Visual Studio Solution File, Format Version 12.00
# Visual Studio 15
VisualStudioVersion = 15.0.28307.539
MinimumVisualStudioVersion = 10.0.40219.1
Project("{8BC9CEB8-8B4A-11D0-8D11-00A0C91BC942}") = "알고리즘과제4", "알고리즘과제4\알고리즘과제4.vcxproj", "{9132B3B9-D7D2-4961-A758-722D11942D97}"
EndProject
Project("{8BC9CEB8-8B4A-11D0-8D11-00A0C91BC942}") = "알고리즘0311", "..\알고리즘0311\알고리즘0311\알고리즘0311.vcxproj", "{B73FA56B-B418-4AE8-8FDF-E9E456AC5CA0}"
EndProject
Global
	GlobalSection(SolutionConfigurationPlatforms) = preSolution
		Debug|x64 = Debug|x64
		Debug|x86 = Debug|x86
		Release|x64 = Release|x64
		Release|x86 = Release|x86
	EndGlobalSection
	GlobalSection(ProjectConfigurationPlatforms) = postSolution
		{9132B3B9-D7D2-4961-A758-722D11942D97}.Debug|x64.ActiveCfg = Debug|x64
		{9132B3B9-D7D2-4961-A758-722D11942D97}.Debug|x64.Build.0 = Debug|x64
		{9132B3B9-D7D2-4961-A758-722D11942D97}.Debug|x86.ActiveCfg = Debug|Win32
		{9132B3B9-D7D2-4961-A758-722D11942D97}.Debug|x86.Build.0 = Debug|Win32
		{9132B3B9-D7D2-4961-A758-722D11942D97}.Release|x64.ActiveCfg = Release|x64
		{9132B3B9-D7D2-4961-A758-722D11942D97}.Release|x64.Build.0 = Release|x64
		{9132B3B9-D7D2-4961-A758-722D11942D97}.Release|x86.ActiveCfg = Release|Win32
		{9132B3B9-D7D2-4961-A758-722D11942D97}.Release|x86.Build.0 = Release|Win32
		{B73FA56B-B418-4AE8-8FDF-E9E456AC5CA0}.Debug|x64.ActiveCfg = Debug|x64
		{B73FA56B-B418-4AE8-8FDF-E9E456AC5CA0}.Debug|x64.Build.0 = Debug|x64
		{B73FA56B-B418-4AE8-8FDF-E9E456AC5CA0}.Debug|x86.ActiveCfg = Debug|Win32
		{B73FA56B-B418-4AE8-8FDF-E9E456AC5CA0}.Debug|x86.Build.0 = Debug|Win32
		{B73FA56B-B418-4AE8-8FDF-E9E456AC5CA0}.Release|x64.ActiveCfg = Release|x64
		{B73FA56B-B418-4AE8-8FDF-E9E456AC5CA0}.Release|x64.Build.0 = Release|x64
		{B73FA56B-B418-4AE8-8FDF-E9E456AC5CA0}.Release|x86.ActiveCfg = Release|Win32
		{B73FA56B-B418-4AE8-8FDF-E9E456AC5CA0}.Release|x86.Build.0 = Release|Win32
	EndGlobalSection
	GlobalSection(SolutionProperties) = preSolution
		HideSolutionNode = FALSE
	EndGlobalSection
	GlobalSection(ExtensibilityGlobals) = postSolution
		SolutionGuid = {BC70F703-C2A4-459C-91DB-4E65B0AD5E55}
	EndGlobalSection
EndGlobal
